
Microsoft Visual Studio Solution File, Format Version 12.00
# Visual Studio Version 17
VisualStudioVersion = 17.4.33122.133
MinimumVisualStudioVersion = 10.0.40219.1
Project("{FAE04EC0-301F-11D3-BF4B-00C04F79EFBC}") = "CityFinder", "CityFinder\CityFinder.csproj", "{A5744C33-2E73-4C50-8115-3E928DEA43ED}"
EndProject
Global
	GlobalSection(SolutionConfigurationPlatforms) = preSolution
		Debug|Any CPU = Debug|Any CPU
		Release|Any CPU = Release|Any CPU
	EndGlobalSection
	GlobalSection(ProjectConfigurationPlatforms) = postSolution
		{A5744C33-2E73-4C50-8115-3E928DEA43ED}.Debug|Any CPU.ActiveCfg = Debug|Any CPU
		{A5744C33-2E73-4C50-8115-3E928DEA43ED}.Debug|Any CPU.Build.0 = Debug|Any CPU
		{A5744C33-2E73-4C50-8115-3E928DEA43ED}.Release|Any CPU.ActiveCfg = Release|Any CPU
		{A5744C33-2E73-4C50-8115-3E928DEA43ED}.Release|Any CPU.Build.0 = Release|Any CPU
	EndGlobalSection
	GlobalSection(SolutionProperties) = preSolution
		HideSolutionNode = FALSE
	EndGlobalSection
	GlobalSection(ExtensibilityGlobals) = postSolution
		SolutionGuid = {A32AE655-29D8-4909-A747-9845E7E84450}
	EndGlobalSection
EndGlobal
